// !$*UTF8*$!
{
	archiveVersion = 1;
	classes = {
	};
	objectVersion = 56;
	objects = {

/* Begin PBXBuildFile section */
		AD9F67E32A824F1B0056696E /* Scanner.storyboard in Resources */ = {isa = PBXBuildFile; fileRef = AD9F67E22A824F1B0056696E /* Scanner.storyboard */; };
		AD9F67E52A824F200056696E /* ScannerViewController.swift in Sources */ = {isa = PBXBuildFile; fileRef = AD9F67E42A824F200056696E /* ScannerViewController.swift */; };
		AD9F67E72A824F3D0056696E /* Reader.storyboard in Resources */ = {isa = PBXBuildFile; fileRef = AD9F67E62A824F3D0056696E /* Reader.storyboard */; };
		AD9F67EA2A824F470056696E /* ReaderViewController.swift in Sources */ = {isa = PBXBuildFile; fileRef = AD9F67E82A824F470056696E /* ReaderViewController.swift */; };
		AD9F67EB2A824F470056696E /* NavigationBarButtons.swift in Sources */ = {isa = PBXBuildFile; fileRef = AD9F67E92A824F470056696E /* NavigationBarButtons.swift */; };
		AD9F67F02A824F540056696E /* ImageDetector.swift in Sources */ = {isa = PBXBuildFile; fileRef = AD9F67EC2A824F540056696E /* ImageDetector.swift */; };
		AD9F67F12A824F540056696E /* TextRecognitionModel.swift in Sources */ = {isa = PBXBuildFile; fileRef = AD9F67ED2A824F540056696E /* TextRecognitionModel.swift */; };
		AD9F67F22A824F540056696E /* TTSManager.swift in Sources */ = {isa = PBXBuildFile; fileRef = AD9F67EE2A824F540056696E /* TTSManager.swift */; };
		AD9F67F32A824F540056696E /* NewsPaperTextRecognizer.swift in Sources */ = {isa = PBXBuildFile; fileRef = AD9F67EF2A824F540056696E /* NewsPaperTextRecognizer.swift */; };
		AD9F67F52A824F5C0056696E /* DocumentDataDelegate.swift in Sources */ = {isa = PBXBuildFile; fileRef = AD9F67F42A824F5C0056696E /* DocumentDataDelegate.swift */; };
		CC23C3A92A76AB8D0024C12B /* Enum.swift in Sources */ = {isa = PBXBuildFile; fileRef = CC23C3A82A76AB8D0024C12B /* Enum.swift */; };
		CC23C3AB2A76CAC10024C12B /* MembershipViewController.swift in Sources */ = {isa = PBXBuildFile; fileRef = CC23C3AA2A76CAC10024C12B /* MembershipViewController.swift */; };
		CC23C3AD2A76CB210024C12B /* PhoneMemberShipViewController.swift in Sources */ = {isa = PBXBuildFile; fileRef = CC23C3AC2A76CB210024C12B /* PhoneMemberShipViewController.swift */; };
		CC23C3AF2A76CB380024C12B /* BarcodMembershipViewController.swift in Sources */ = {isa = PBXBuildFile; fileRef = CC23C3AE2A76CB380024C12B /* BarcodMembershipViewController.swift */; };
		CC291D6C2A77FD1700C363DF /* ProductOptionResource.swift in Sources */ = {isa = PBXBuildFile; fileRef = CC291D6B2A77FD1700C363DF /* ProductOptionResource.swift */; };
		CC291D6E2A77FEAF00C363DF /* PaymentSelectResource.swift in Sources */ = {isa = PBXBuildFile; fileRef = CC291D6D2A77FEAF00C363DF /* PaymentSelectResource.swift */; };
		CC291D702A77FFA800C363DF /* PaymentResource.swift in Sources */ = {isa = PBXBuildFile; fileRef = CC291D6F2A77FFA800C363DF /* PaymentResource.swift */; };
		CC4352472A72506C000EDAB0 /* ARCharacterSelectViewController.swift in Sources */ = {isa = PBXBuildFile; fileRef = CC4352462A72506C000EDAB0 /* ARCharacterSelectViewController.swift */; };
		CC43524C2A725A06000EDAB0 /* ARCharacterSelectDelegate.swift in Sources */ = {isa = PBXBuildFile; fileRef = CC43524B2A725A06000EDAB0 /* ARCharacterSelectDelegate.swift */; };
		CC43524F2A727296000EDAB0 /* CustomizeView.swift in Sources */ = {isa = PBXBuildFile; fileRef = CC43524E2A727296000EDAB0 /* CustomizeView.swift */; };
		CC4352512A72841E000EDAB0 /* StackNavigation.swift in Sources */ = {isa = PBXBuildFile; fileRef = CC4352502A72841E000EDAB0 /* StackNavigation.swift */; };
		CC47C8BF2A836FAF00B257AF /* ContentDescriptionResource.swift in Sources */ = {isa = PBXBuildFile; fileRef = CC47C8BE2A836FAF00B257AF /* ContentDescriptionResource.swift */; };
		CC47C8C12A836FCF00B257AF /* ContentDescription.storyboard in Resources */ = {isa = PBXBuildFile; fileRef = CC47C8C02A836FCF00B257AF /* ContentDescription.storyboard */; };
		CC47C8C32A836FE700B257AF /* ContentDescriptionViewController.swift in Sources */ = {isa = PBXBuildFile; fileRef = CC47C8C22A836FE700B257AF /* ContentDescriptionViewController.swift */; };
		CC47C8C52A83768200B257AF /* HomeDelegate.swift in Sources */ = {isa = PBXBuildFile; fileRef = CC47C8C42A83768200B257AF /* HomeDelegate.swift */; };
		CC57ABED2A710A4200E892FF /* AppDelegate.swift in Sources */ = {isa = PBXBuildFile; fileRef = CC57ABEC2A710A4200E892FF /* AppDelegate.swift */; };
		CC57ABEF2A710A4200E892FF /* art.scnassets in Resources */ = {isa = PBXBuildFile; fileRef = CC57ABEE2A710A4200E892FF /* art.scnassets */; };
		CC57ABF12A710A4200E892FF /* ViewController.swift in Sources */ = {isa = PBXBuildFile; fileRef = CC57ABF02A710A4200E892FF /* ViewController.swift */; };
		CC57ABF92A710A4300E892FF /* LaunchScreen.storyboard in Resources */ = {isa = PBXBuildFile; fileRef = CC57ABF72A710A4300E892FF /* LaunchScreen.storyboard */; };
		CC57AC042A710AE100E892FF /* Home.storyboard in Resources */ = {isa = PBXBuildFile; fileRef = CC57AC032A710AE100E892FF /* Home.storyboard */; };
		CC57AC062A710AFA00E892FF /* HomeViewController.swift in Sources */ = {isa = PBXBuildFile; fileRef = CC57AC052A710AFA00E892FF /* HomeViewController.swift */; };
		CC57AC0F2A710D2A00E892FF /* UIExploreViewController.swift in Sources */ = {isa = PBXBuildFile; fileRef = CC57AC0E2A710D2A00E892FF /* UIExploreViewController.swift */; };
		CC57AC112A710D3700E892FF /* UIExplore.storyboard in Resources */ = {isa = PBXBuildFile; fileRef = CC57AC102A710D3700E892FF /* UIExplore.storyboard */; };
		CC57AC132A710D9C00E892FF /* UIExploreResource.swift in Sources */ = {isa = PBXBuildFile; fileRef = CC57AC122A710D9C00E892FF /* UIExploreResource.swift */; };
		CC57AC162A710DC900E892FF /* ARCharacter.swift in Sources */ = {isa = PBXBuildFile; fileRef = CC57AC152A710DC900E892FF /* ARCharacter.swift */; };
		CC57AC182A710DD100E892FF /* Arr.swift in Sources */ = {isa = PBXBuildFile; fileRef = CC57AC172A710DD100E892FF /* Arr.swift */; };
		CC57AC1A2A710DDA00E892FF /* Finn.swift in Sources */ = {isa = PBXBuildFile; fileRef = CC57AC192A710DDA00E892FF /* Finn.swift */; };
		CCB04B302A7A31060035483C /* Extension.swift in Sources */ = {isa = PBXBuildFile; fileRef = CCB04B2F2A7A31060035483C /* Extension.swift */; };
		CCB7B4352A777EA900EE46AA /* PaymentViewController.swift in Sources */ = {isa = PBXBuildFile; fileRef = CCB7B4342A777EA900EE46AA /* PaymentViewController.swift */; };
		CCB7B4372A7782FA00EE46AA /* PaymentFinishViewController.swift in Sources */ = {isa = PBXBuildFile; fileRef = CCB7B4362A7782FA00EE46AA /* PaymentFinishViewController.swift */; };
		CCFE1C9B2A7B993F0096CDE8 /* SelectedPaymentTypeDelegate.swift in Sources */ = {isa = PBXBuildFile; fileRef = CCFE1C9A2A7B993F0096CDE8 /* SelectedPaymentTypeDelegate.swift */; };
		CCFE1C9D2A7BC2E20096CDE8 /* KioskMainBoardDelegate.swift in Sources */ = {isa = PBXBuildFile; fileRef = CCFE1C9C2A7BC2E20096CDE8 /* KioskMainBoardDelegate.swift */; };
		FF185B442A73AD7B003E766E /* ARKiosk.storyboard in Resources */ = {isa = PBXBuildFile; fileRef = FF185B432A73AD7B003E766E /* ARKiosk.storyboard */; };
		FF185B462A73ADA7003E766E /* ARKioskViewController.swift in Sources */ = {isa = PBXBuildFile; fileRef = FF185B452A73ADA7003E766E /* ARKioskViewController.swift */; };
		FF185B4A2A73B3FF003E766E /* ARKiosk.scn in Resources */ = {isa = PBXBuildFile; fileRef = FF185B492A73B3FF003E766E /* ARKiosk.scn */; };
		FF185B4C2A73B4AC003E766E /* summerFestival.png in Resources */ = {isa = PBXBuildFile; fileRef = FF185B4B2A73B4AC003E766E /* summerFestival.png */; };
		FF185B4E2A73B4B0003E766E /* camera.png in Resources */ = {isa = PBXBuildFile; fileRef = FF185B4D2A73B4B0003E766E /* camera.png */; };
		FF185B502A73B56B003E766E /* KioskMainBoard.storyboard in Resources */ = {isa = PBXBuildFile; fileRef = FF185B4F2A73B56B003E766E /* KioskMainBoard.storyboard */; };
		FF185B522A73B589003E766E /* KioskMainBoardViewController.swift in Sources */ = {isa = PBXBuildFile; fileRef = FF185B512A73B589003E766E /* KioskMainBoardViewController.swift */; };
		FF464C7A2A7C2B1F00B02D74 /* MenuSelectionTableViewCell.swift in Sources */ = {isa = PBXBuildFile; fileRef = FF464C792A7C2B1F00B02D74 /* MenuSelectionTableViewCell.swift */; };
		FF502C2F2A8007D600F1CBB2 /* MenuSelectionTableViewCellDelegate.swift in Sources */ = {isa = PBXBuildFile; fileRef = FF502C2E2A8007D600F1CBB2 /* MenuSelectionTableViewCellDelegate.swift */; };
		FFE1D1642A7B6D8300E4E049 /* MenuCollectionViewCell.swift in Sources */ = {isa = PBXBuildFile; fileRef = FFE1D1632A7B6D8300E4E049 /* MenuCollectionViewCell.swift */; };
		FFE1D1662A7B733A00E4E049 /* MenuSelectionViewController.swift in Sources */ = {isa = PBXBuildFile; fileRef = FFE1D1652A7B733A00E4E049 /* MenuSelectionViewController.swift */; };
		FFE42A5B2A73BB2100752CD7 /* Assets.xcassets in Resources */ = {isa = PBXBuildFile; fileRef = FFE42A5A2A73BB2100752CD7 /* Assets.xcassets */; };
		FFE42A5E2A73BBEC00752CD7 /* MenuResource.swift in Sources */ = {isa = PBXBuildFile; fileRef = FFE42A5D2A73BBEC00752CD7 /* MenuResource.swift */; };
		FFE42A602A73BC2E00752CD7 /* ProductOptionSelectViewController.swift in Sources */ = {isa = PBXBuildFile; fileRef = FFE42A5F2A73BC2E00752CD7 /* ProductOptionSelectViewController.swift */; };
		FFE42A622A73BC3C00752CD7 /* KioskModal.storyboard in Resources */ = {isa = PBXBuildFile; fileRef = FFE42A612A73BC3C00752CD7 /* KioskModal.storyboard */; };
		FFE42A662A73BC5400752CD7 /* PaymentSelectViewController.swift in Sources */ = {isa = PBXBuildFile; fileRef = FFE42A652A73BC5400752CD7 /* PaymentSelectViewController.swift */; };
/* End PBXBuildFile section */

/* Begin PBXFileReference section */
		AD9F67E22A824F1B0056696E /* Scanner.storyboard */ = {isa = PBXFileReference; fileEncoding = 4; lastKnownFileType = file.storyboard; path = Scanner.storyboard; sourceTree = "<group>"; };
		AD9F67E42A824F200056696E /* ScannerViewController.swift */ = {isa = PBXFileReference; fileEncoding = 4; lastKnownFileType = sourcecode.swift; path = ScannerViewController.swift; sourceTree = "<group>"; };
		AD9F67E62A824F3D0056696E /* Reader.storyboard */ = {isa = PBXFileReference; fileEncoding = 4; lastKnownFileType = file.storyboard; path = Reader.storyboard; sourceTree = "<group>"; };
		AD9F67E82A824F470056696E /* ReaderViewController.swift */ = {isa = PBXFileReference; fileEncoding = 4; lastKnownFileType = sourcecode.swift; path = ReaderViewController.swift; sourceTree = "<group>"; };
		AD9F67E92A824F470056696E /* NavigationBarButtons.swift */ = {isa = PBXFileReference; fileEncoding = 4; lastKnownFileType = sourcecode.swift; path = NavigationBarButtons.swift; sourceTree = "<group>"; };
		AD9F67EC2A824F540056696E /* ImageDetector.swift */ = {isa = PBXFileReference; fileEncoding = 4; lastKnownFileType = sourcecode.swift; path = ImageDetector.swift; sourceTree = "<group>"; };
		AD9F67ED2A824F540056696E /* TextRecognitionModel.swift */ = {isa = PBXFileReference; fileEncoding = 4; lastKnownFileType = sourcecode.swift; path = TextRecognitionModel.swift; sourceTree = "<group>"; };
		AD9F67EE2A824F540056696E /* TTSManager.swift */ = {isa = PBXFileReference; fileEncoding = 4; lastKnownFileType = sourcecode.swift; path = TTSManager.swift; sourceTree = "<group>"; };
		AD9F67EF2A824F540056696E /* NewsPaperTextRecognizer.swift */ = {isa = PBXFileReference; fileEncoding = 4; lastKnownFileType = sourcecode.swift; path = NewsPaperTextRecognizer.swift; sourceTree = "<group>"; };
		AD9F67F42A824F5C0056696E /* DocumentDataDelegate.swift */ = {isa = PBXFileReference; fileEncoding = 4; lastKnownFileType = sourcecode.swift; path = DocumentDataDelegate.swift; sourceTree = "<group>"; };
		CC23C3A82A76AB8D0024C12B /* Enum.swift */ = {isa = PBXFileReference; lastKnownFileType = sourcecode.swift; path = Enum.swift; sourceTree = "<group>"; };
		CC23C3AA2A76CAC10024C12B /* MembershipViewController.swift */ = {isa = PBXFileReference; lastKnownFileType = sourcecode.swift; path = MembershipViewController.swift; sourceTree = "<group>"; };
		CC23C3AC2A76CB210024C12B /* PhoneMemberShipViewController.swift */ = {isa = PBXFileReference; lastKnownFileType = sourcecode.swift; path = PhoneMemberShipViewController.swift; sourceTree = "<group>"; };
		CC23C3AE2A76CB380024C12B /* BarcodMembershipViewController.swift */ = {isa = PBXFileReference; lastKnownFileType = sourcecode.swift; path = BarcodMembershipViewController.swift; sourceTree = "<group>"; };
		CC291D6B2A77FD1700C363DF /* ProductOptionResource.swift */ = {isa = PBXFileReference; lastKnownFileType = sourcecode.swift; path = ProductOptionResource.swift; sourceTree = "<group>"; };
		CC291D6D2A77FEAF00C363DF /* PaymentSelectResource.swift */ = {isa = PBXFileReference; lastKnownFileType = sourcecode.swift; path = PaymentSelectResource.swift; sourceTree = "<group>"; };
		CC291D6F2A77FFA800C363DF /* PaymentResource.swift */ = {isa = PBXFileReference; lastKnownFileType = sourcecode.swift; path = PaymentResource.swift; sourceTree = "<group>"; };
		CC4352462A72506C000EDAB0 /* ARCharacterSelectViewController.swift */ = {isa = PBXFileReference; lastKnownFileType = sourcecode.swift; path = ARCharacterSelectViewController.swift; sourceTree = "<group>"; };
		CC43524B2A725A06000EDAB0 /* ARCharacterSelectDelegate.swift */ = {isa = PBXFileReference; lastKnownFileType = sourcecode.swift; path = ARCharacterSelectDelegate.swift; sourceTree = "<group>"; };
		CC43524E2A727296000EDAB0 /* CustomizeView.swift */ = {isa = PBXFileReference; lastKnownFileType = sourcecode.swift; path = CustomizeView.swift; sourceTree = "<group>"; };
		CC4352502A72841E000EDAB0 /* StackNavigation.swift */ = {isa = PBXFileReference; lastKnownFileType = sourcecode.swift; path = StackNavigation.swift; sourceTree = "<group>"; };
		CC47C8BE2A836FAF00B257AF /* ContentDescriptionResource.swift */ = {isa = PBXFileReference; lastKnownFileType = sourcecode.swift; path = ContentDescriptionResource.swift; sourceTree = "<group>"; };
		CC47C8C02A836FCF00B257AF /* ContentDescription.storyboard */ = {isa = PBXFileReference; lastKnownFileType = file.storyboard; path = ContentDescription.storyboard; sourceTree = "<group>"; };
		CC47C8C22A836FE700B257AF /* ContentDescriptionViewController.swift */ = {isa = PBXFileReference; lastKnownFileType = sourcecode.swift; path = ContentDescriptionViewController.swift; sourceTree = "<group>"; };
		CC47C8C42A83768200B257AF /* HomeDelegate.swift */ = {isa = PBXFileReference; lastKnownFileType = sourcecode.swift; path = HomeDelegate.swift; sourceTree = "<group>"; };
		CC57ABEC2A710A4200E892FF /* AppDelegate.swift */ = {isa = PBXFileReference; lastKnownFileType = sourcecode.swift; path = AppDelegate.swift; sourceTree = "<group>"; };
		CC57ABEE2A710A4200E892FF /* art.scnassets */ = {isa = PBXFileReference; lastKnownFileType = wrapper.scnassets; path = art.scnassets; sourceTree = "<group>"; };
		CC57ABF02A710A4200E892FF /* ViewController.swift */ = {isa = PBXFileReference; lastKnownFileType = sourcecode.swift; path = ViewController.swift; sourceTree = "<group>"; };
		CC57ABF82A710A4300E892FF /* Base */ = {isa = PBXFileReference; lastKnownFileType = file.storyboard; name = Base; path = Base.lproj/LaunchScreen.storyboard; sourceTree = "<group>"; };
		CC57AC032A710AE100E892FF /* Home.storyboard */ = {isa = PBXFileReference; lastKnownFileType = file.storyboard; path = Home.storyboard; sourceTree = "<group>"; };
		CC57AC052A710AFA00E892FF /* HomeViewController.swift */ = {isa = PBXFileReference; lastKnownFileType = sourcecode.swift; path = HomeViewController.swift; sourceTree = "<group>"; };
		CC57AC0E2A710D2A00E892FF /* UIExploreViewController.swift */ = {isa = PBXFileReference; lastKnownFileType = sourcecode.swift; path = UIExploreViewController.swift; sourceTree = "<group>"; };
		CC57AC102A710D3700E892FF /* UIExplore.storyboard */ = {isa = PBXFileReference; lastKnownFileType = file.storyboard; path = UIExplore.storyboard; sourceTree = "<group>"; };
		CC57AC122A710D9C00E892FF /* UIExploreResource.swift */ = {isa = PBXFileReference; lastKnownFileType = sourcecode.swift; path = UIExploreResource.swift; sourceTree = "<group>"; };
		CC57AC152A710DC900E892FF /* ARCharacter.swift */ = {isa = PBXFileReference; lastKnownFileType = sourcecode.swift; path = ARCharacter.swift; sourceTree = "<group>"; };
		CC57AC172A710DD100E892FF /* Arr.swift */ = {isa = PBXFileReference; lastKnownFileType = sourcecode.swift; path = Arr.swift; sourceTree = "<group>"; };
		CC57AC192A710DDA00E892FF /* Finn.swift */ = {isa = PBXFileReference; lastKnownFileType = sourcecode.swift; path = Finn.swift; sourceTree = "<group>"; };
		CCB04B2F2A7A31060035483C /* Extension.swift */ = {isa = PBXFileReference; lastKnownFileType = sourcecode.swift; path = Extension.swift; sourceTree = "<group>"; };
		CCB7B4342A777EA900EE46AA /* PaymentViewController.swift */ = {isa = PBXFileReference; lastKnownFileType = sourcecode.swift; path = PaymentViewController.swift; sourceTree = "<group>"; };
		CCB7B4362A7782FA00EE46AA /* PaymentFinishViewController.swift */ = {isa = PBXFileReference; lastKnownFileType = sourcecode.swift; path = PaymentFinishViewController.swift; sourceTree = "<group>"; };
		CCD0D42B2A854BB1008391E0 /* Silver Explorer.app */ = {isa = PBXFileReference; explicitFileType = wrapper.application; includeInIndex = 0; path = "Silver Explorer.app"; sourceTree = BUILT_PRODUCTS_DIR; };
		CCFE1C9A2A7B993F0096CDE8 /* SelectedPaymentTypeDelegate.swift */ = {isa = PBXFileReference; lastKnownFileType = sourcecode.swift; path = SelectedPaymentTypeDelegate.swift; sourceTree = "<group>"; };
		CCFE1C9C2A7BC2E20096CDE8 /* KioskMainBoardDelegate.swift */ = {isa = PBXFileReference; lastKnownFileType = sourcecode.swift; path = KioskMainBoardDelegate.swift; sourceTree = "<group>"; };
		FF185B392A739C4F003E766E /* ARKiosk.usdz */ = {isa = PBXFileReference; lastKnownFileType = file.usdz; path = ARKiosk.usdz; sourceTree = "<group>"; };
		FF185B432A73AD7B003E766E /* ARKiosk.storyboard */ = {isa = PBXFileReference; lastKnownFileType = file.storyboard; path = ARKiosk.storyboard; sourceTree = "<group>"; };
		FF185B452A73ADA7003E766E /* ARKioskViewController.swift */ = {isa = PBXFileReference; lastKnownFileType = sourcecode.swift; path = ARKioskViewController.swift; sourceTree = "<group>"; };
		FF185B492A73B3FF003E766E /* ARKiosk.scn */ = {isa = PBXFileReference; lastKnownFileType = file.bplist; path = ARKiosk.scn; sourceTree = "<group>"; };
		FF185B4B2A73B4AC003E766E /* summerFestival.png */ = {isa = PBXFileReference; lastKnownFileType = image.png; path = summerFestival.png; sourceTree = "<group>"; };
		FF185B4D2A73B4B0003E766E /* camera.png */ = {isa = PBXFileReference; lastKnownFileType = image.png; path = camera.png; sourceTree = "<group>"; };
		FF185B4F2A73B56B003E766E /* KioskMainBoard.storyboard */ = {isa = PBXFileReference; lastKnownFileType = file.storyboard; path = KioskMainBoard.storyboard; sourceTree = "<group>"; };
		FF185B512A73B589003E766E /* KioskMainBoardViewController.swift */ = {isa = PBXFileReference; lastKnownFileType = sourcecode.swift; path = KioskMainBoardViewController.swift; sourceTree = "<group>"; };
		FF464C792A7C2B1F00B02D74 /* MenuSelectionTableViewCell.swift */ = {isa = PBXFileReference; lastKnownFileType = sourcecode.swift; path = MenuSelectionTableViewCell.swift; sourceTree = "<group>"; };
		FF502C2E2A8007D600F1CBB2 /* MenuSelectionTableViewCellDelegate.swift */ = {isa = PBXFileReference; lastKnownFileType = sourcecode.swift; path = MenuSelectionTableViewCellDelegate.swift; sourceTree = "<group>"; };
		FFE1D1632A7B6D8300E4E049 /* MenuCollectionViewCell.swift */ = {isa = PBXFileReference; lastKnownFileType = sourcecode.swift; path = MenuCollectionViewCell.swift; sourceTree = "<group>"; };
		FFE1D1652A7B733A00E4E049 /* MenuSelectionViewController.swift */ = {isa = PBXFileReference; lastKnownFileType = sourcecode.swift; path = MenuSelectionViewController.swift; sourceTree = "<group>"; };
		FFE42A5A2A73BB2100752CD7 /* Assets.xcassets */ = {isa = PBXFileReference; lastKnownFileType = folder.assetcatalog; path = Assets.xcassets; sourceTree = "<group>"; };
		FFE42A5D2A73BBEC00752CD7 /* MenuResource.swift */ = {isa = PBXFileReference; lastKnownFileType = sourcecode.swift; path = MenuResource.swift; sourceTree = "<group>"; };
		FFE42A5F2A73BC2E00752CD7 /* ProductOptionSelectViewController.swift */ = {isa = PBXFileReference; lastKnownFileType = sourcecode.swift; name = ProductOptionSelectViewController.swift; path = "Silver Explorer/AR-Kiosk/KioskScreen/Controller/ProductOptionSelectViewController.swift"; sourceTree = SOURCE_ROOT; };
		FFE42A612A73BC3C00752CD7 /* KioskModal.storyboard */ = {isa = PBXFileReference; lastKnownFileType = file.storyboard; path = KioskModal.storyboard; sourceTree = "<group>"; };
		FFE42A652A73BC5400752CD7 /* PaymentSelectViewController.swift */ = {isa = PBXFileReference; lastKnownFileType = sourcecode.swift; path = PaymentSelectViewController.swift; sourceTree = "<group>"; };
/* End PBXFileReference section */

/* Begin PBXFrameworksBuildPhase section */
		CC57ABE62A710A4200E892FF /* Frameworks */ = {
			isa = PBXFrameworksBuildPhase;
			buildActionMask = 2147483647;
			files = (
			);
			runOnlyForDeploymentPostprocessing = 0;
		};
/* End PBXFrameworksBuildPhase section */

/* Begin PBXGroup section */
		AD9F67D72A824D5B0056696E /* AI-Explore */ = {
			isa = PBXGroup;
			children = (
				AD9F67DB2A824E220056696E /* Scanner */,
				AD9F67DA2A824E1C0056696E /* Reader */,
				AD9F67D92A824E130056696E /* Utils */,
				AD9F67D82A824E010056696E /* Delegates */,
			);
			path = "AI-Explore";
			sourceTree = "<group>";
		};
		AD9F67D82A824E010056696E /* Delegates */ = {
			isa = PBXGroup;
			children = (
				AD9F67F42A824F5C0056696E /* DocumentDataDelegate.swift */,
			);
			path = Delegates;
			sourceTree = "<group>";
		};
		AD9F67D92A824E130056696E /* Utils */ = {
			isa = PBXGroup;
			children = (
				AD9F67EC2A824F540056696E /* ImageDetector.swift */,
				AD9F67EF2A824F540056696E /* NewsPaperTextRecognizer.swift */,
				AD9F67ED2A824F540056696E /* TextRecognitionModel.swift */,
				AD9F67EE2A824F540056696E /* TTSManager.swift */,
			);
			path = Utils;
			sourceTree = "<group>";
		};
		AD9F67DA2A824E1C0056696E /* Reader */ = {
			isa = PBXGroup;
			children = (
				AD9F67E12A824E560056696E /* Model */,
				AD9F67E02A824E500056696E /* View */,
				AD9F67DF2A824E490056696E /* Controller */,
			);
			path = Reader;
			sourceTree = "<group>";
		};
		AD9F67DB2A824E220056696E /* Scanner */ = {
			isa = PBXGroup;
			children = (
				AD9F67DD2A824E310056696E /* View */,
				AD9F67DC2A824E290056696E /* Controller */,
			);
			path = Scanner;
			sourceTree = "<group>";
		};
		AD9F67DC2A824E290056696E /* Controller */ = {
			isa = PBXGroup;
			children = (
				AD9F67E42A824F200056696E /* ScannerViewController.swift */,
			);
			path = Controller;
			sourceTree = "<group>";
		};
		AD9F67DD2A824E310056696E /* View */ = {
			isa = PBXGroup;
			children = (
				AD9F67E22A824F1B0056696E /* Scanner.storyboard */,
			);
			path = View;
			sourceTree = "<group>";
		};
		AD9F67DF2A824E490056696E /* Controller */ = {
			isa = PBXGroup;
			children = (
				AD9F67E92A824F470056696E /* NavigationBarButtons.swift */,
				AD9F67E82A824F470056696E /* ReaderViewController.swift */,
			);
			path = Controller;
			sourceTree = "<group>";
		};
		AD9F67E02A824E500056696E /* View */ = {
			isa = PBXGroup;
			children = (
				AD9F67E62A824F3D0056696E /* Reader.storyboard */,
			);
			path = View;
			sourceTree = "<group>";
		};
		AD9F67E12A824E560056696E /* Model */ = {
			isa = PBXGroup;
			children = (
			);
			path = Model;
			sourceTree = "<group>";
		};
		CC43524A2A7259D0000EDAB0 /* Delegate */ = {
			isa = PBXGroup;
			children = (
				CC43524B2A725A06000EDAB0 /* ARCharacterSelectDelegate.swift */,
				CCFE1C9A2A7B993F0096CDE8 /* SelectedPaymentTypeDelegate.swift */,
				CCFE1C9C2A7BC2E20096CDE8 /* KioskMainBoardDelegate.swift */,
				FF502C2E2A8007D600F1CBB2 /* MenuSelectionTableViewCellDelegate.swift */,
				CC47C8C42A83768200B257AF /* HomeDelegate.swift */,
			);
			path = Delegate;
			sourceTree = "<group>";
		};
		CC43524D2A727287000EDAB0 /* Utils */ = {
			isa = PBXGroup;
			children = (
				CC43524E2A727296000EDAB0 /* CustomizeView.swift */,
				CC4352502A72841E000EDAB0 /* StackNavigation.swift */,
				CC23C3A82A76AB8D0024C12B /* Enum.swift */,
				CCB04B2F2A7A31060035483C /* Extension.swift */,
			);
			path = Utils;
			sourceTree = "<group>";
		};
		CC47C8BA2A836F5D00B257AF /* Content-Description */ = {
			isa = PBXGroup;
			children = (
				CC47C8BD2A836F9900B257AF /* Model */,
				CC47C8BC2A836F9300B257AF /* View */,
				CC47C8BB2A836F8B00B257AF /* Controller */,
			);
			path = "Content-Description";
			sourceTree = "<group>";
		};
		CC47C8BB2A836F8B00B257AF /* Controller */ = {
			isa = PBXGroup;
			children = (
				CC47C8C22A836FE700B257AF /* ContentDescriptionViewController.swift */,
			);
			path = Controller;
			sourceTree = "<group>";
		};
		CC47C8BC2A836F9300B257AF /* View */ = {
			isa = PBXGroup;
			children = (
				CC47C8C02A836FCF00B257AF /* ContentDescription.storyboard */,
			);
			path = View;
			sourceTree = "<group>";
		};
		CC47C8BD2A836F9900B257AF /* Model */ = {
			isa = PBXGroup;
			children = (
				CC47C8BE2A836FAF00B257AF /* ContentDescriptionResource.swift */,
			);
			path = Model;
			sourceTree = "<group>";
		};
		CC57ABE02A710A4200E892FF = {
			isa = PBXGroup;
			children = (
				CC57ABEB2A710A4200E892FF /* Silver Explorer */,
				CCD0D42B2A854BB1008391E0 /* Silver Explorer.app */,
			);
			sourceTree = "<group>";
		};
		CC57ABEB2A710A4200E892FF /* Silver Explorer */ = {
			isa = PBXGroup;
			children = (
				CC47C8BA2A836F5D00B257AF /* Content-Description */,
				AD9F67D72A824D5B0056696E /* AI-Explore */,
				FF185B322A739BF9003E766E /* AR-Kiosk */,
				CC43524D2A727287000EDAB0 /* Utils */,
				CC43524A2A7259D0000EDAB0 /* Delegate */,
				CC57AC0A2A710C4E00E892FF /* AR-UI-Explore */,
				CC57ABFF2A710ABF00E892FF /* Home */,
				CC57ABEC2A710A4200E892FF /* AppDelegate.swift */,
				CC57ABEE2A710A4200E892FF /* art.scnassets */,
				CC57ABF02A710A4200E892FF /* ViewController.swift */,
				CC57ABF72A710A4300E892FF /* LaunchScreen.storyboard */,
				FFE42A5A2A73BB2100752CD7 /* Assets.xcassets */,
			);
			path = "Silver Explorer";
			sourceTree = "<group>";
		};
		CC57ABFF2A710ABF00E892FF /* Home */ = {
			isa = PBXGroup;
			children = (
				CC57AC012A710ACE00E892FF /* View */,
				CC57AC002A710AC700E892FF /* Controller */,
			);
			path = Home;
			sourceTree = "<group>";
		};
		CC57AC002A710AC700E892FF /* Controller */ = {
			isa = PBXGroup;
			children = (
				CC57AC052A710AFA00E892FF /* HomeViewController.swift */,
			);
			path = Controller;
			sourceTree = "<group>";
		};
		CC57AC012A710ACE00E892FF /* View */ = {
			isa = PBXGroup;
			children = (
				CC57AC032A710AE100E892FF /* Home.storyboard */,
			);
			path = View;
			sourceTree = "<group>";
		};
		CC57AC0A2A710C4E00E892FF /* AR-UI-Explore */ = {
			isa = PBXGroup;
			children = (
				CC57AC0D2A710C7F00E892FF /* Model */,
				CC57AC0C2A710C7500E892FF /* View */,
				CC57AC0B2A710C6B00E892FF /* Controller */,
			);
			path = "AR-UI-Explore";
			sourceTree = "<group>";
		};
		CC57AC0B2A710C6B00E892FF /* Controller */ = {
			isa = PBXGroup;
			children = (
				CC57AC0E2A710D2A00E892FF /* UIExploreViewController.swift */,
				CC4352462A72506C000EDAB0 /* ARCharacterSelectViewController.swift */,
			);
			path = Controller;
			sourceTree = "<group>";
		};
		CC57AC0C2A710C7500E892FF /* View */ = {
			isa = PBXGroup;
			children = (
				CC57AC102A710D3700E892FF /* UIExplore.storyboard */,
			);
			path = View;
			sourceTree = "<group>";
		};
		CC57AC0D2A710C7F00E892FF /* Model */ = {
			isa = PBXGroup;
			children = (
				CC57AC142A710DB600E892FF /* ARCharacter */,
				CC57AC122A710D9C00E892FF /* UIExploreResource.swift */,
			);
			path = Model;
			sourceTree = "<group>";
		};
		CC57AC142A710DB600E892FF /* ARCharacter */ = {
			isa = PBXGroup;
			children = (
				CC57AC152A710DC900E892FF /* ARCharacter.swift */,
				CC57AC172A710DD100E892FF /* Arr.swift */,
				CC57AC192A710DDA00E892FF /* Finn.swift */,
			);
			path = ARCharacter;
			sourceTree = "<group>";
		};
		FF185B322A739BF9003E766E /* AR-Kiosk */ = {
			isa = PBXGroup;
			children = (
				FF185B3B2A739CAA003E766E /* KioskScreen */,
				FFE42A5C2A73BB7700752CD7 /* AR-Kiosk-Modeling */,
			);
			path = "AR-Kiosk";
			sourceTree = "<group>";
		};
		FF185B332A739C0B003E766E /* Model */ = {
			isa = PBXGroup;
			children = (
				FF185B4B2A73B4AC003E766E /* summerFestival.png */,
				FF185B4D2A73B4B0003E766E /* camera.png */,
			);
			path = Model;
			sourceTree = "<group>";
		};
		FF185B342A739C14003E766E /* View */ = {
			isa = PBXGroup;
			children = (
				FF185B392A739C4F003E766E /* ARKiosk.usdz */,
				FF185B492A73B3FF003E766E /* ARKiosk.scn */,
				FF185B432A73AD7B003E766E /* ARKiosk.storyboard */,
			);
			path = View;
			sourceTree = "<group>";
		};
		FF185B352A739C1A003E766E /* Controller */ = {
			isa = PBXGroup;
			children = (
				FF185B452A73ADA7003E766E /* ARKioskViewController.swift */,
			);
			path = Controller;
			sourceTree = "<group>";
		};
		FF185B3B2A739CAA003E766E /* KioskScreen */ = {
			isa = PBXGroup;
			children = (
				FF185B3F2A739CAA003E766E /* Model */,
				FF185B402A739CAA003E766E /* View */,
				FF185B3C2A739CAA003E766E /* Controller */,
			);
			path = KioskScreen;
			sourceTree = "<group>";
		};
		FF185B3C2A739CAA003E766E /* Controller */ = {
			isa = PBXGroup;
			children = (
				FF185B512A73B589003E766E /* KioskMainBoardViewController.swift */,
				FFE1D1652A7B733A00E4E049 /* MenuSelectionViewController.swift */,
				FFE42A5F2A73BC2E00752CD7 /* ProductOptionSelectViewController.swift */,
				FFE42A652A73BC5400752CD7 /* PaymentSelectViewController.swift */,
				CC23C3AA2A76CAC10024C12B /* MembershipViewController.swift */,
				CC23C3AC2A76CB210024C12B /* PhoneMemberShipViewController.swift */,
				CC23C3AE2A76CB380024C12B /* BarcodMembershipViewController.swift */,
				CCB7B4342A777EA900EE46AA /* PaymentViewController.swift */,
				CCB7B4362A7782FA00EE46AA /* PaymentFinishViewController.swift */,
			);
			path = Controller;
			sourceTree = "<group>";
		};
		FF185B3F2A739CAA003E766E /* Model */ = {
			isa = PBXGroup;
			children = (
				FFE42A5D2A73BBEC00752CD7 /* MenuResource.swift */,
				CC291D6B2A77FD1700C363DF /* ProductOptionResource.swift */,
				CC291D6D2A77FEAF00C363DF /* PaymentSelectResource.swift */,
				CC291D6F2A77FFA800C363DF /* PaymentResource.swift */,
			);
			path = Model;
			sourceTree = "<group>";
		};
		FF185B402A739CAA003E766E /* View */ = {
			isa = PBXGroup;
			children = (
				FF185B4F2A73B56B003E766E /* KioskMainBoard.storyboard */,
				FFE42A612A73BC3C00752CD7 /* KioskModal.storyboard */,
				FFE1D1632A7B6D8300E4E049 /* MenuCollectionViewCell.swift */,
				FF464C792A7C2B1F00B02D74 /* MenuSelectionTableViewCell.swift */,
			);
			path = View;
			sourceTree = "<group>";
		};
		FFE42A5C2A73BB7700752CD7 /* AR-Kiosk-Modeling */ = {
			isa = PBXGroup;
			children = (
				FF185B332A739C0B003E766E /* Model */,
				FF185B342A739C14003E766E /* View */,
				FF185B352A739C1A003E766E /* Controller */,
			);
			path = "AR-Kiosk-Modeling";
			sourceTree = "<group>";
		};
/* End PBXGroup section */

/* Begin PBXNativeTarget section */
		CC57ABE82A710A4200E892FF /* Silver Explorer */ = {
			isa = PBXNativeTarget;
			buildConfigurationList = CC57ABFC2A710A4300E892FF /* Build configuration list for PBXNativeTarget "Silver Explorer" */;
			buildPhases = (
				CC57ABE52A710A4200E892FF /* Sources */,
				CC57ABE62A710A4200E892FF /* Frameworks */,
				CC57ABE72A710A4200E892FF /* Resources */,
			);
			buildRules = (
			);
			dependencies = (
			);
			name = "Silver Explorer";
			productName = "Silver Explorer";
			productReference = CCD0D42B2A854BB1008391E0 /* Silver Explorer.app */;
			productType = "com.apple.product-type.application";
		};
/* End PBXNativeTarget section */

/* Begin PBXProject section */
		CC57ABE12A710A4200E892FF /* Project object */ = {
			isa = PBXProject;
			attributes = {
				BuildIndependentTargetsInParallel = 1;
				LastSwiftUpdateCheck = 1430;
				LastUpgradeCheck = 1430;
				TargetAttributes = {
					CC57ABE82A710A4200E892FF = {
						CreatedOnToolsVersion = 14.3.1;
					};
				};
			};
			buildConfigurationList = CC57ABE42A710A4200E892FF /* Build configuration list for PBXProject "Silver Explorer" */;
			compatibilityVersion = "Xcode 14.0";
			developmentRegion = en;
			hasScannedForEncodings = 0;
			knownRegions = (
				en,
				Base,
			);
			mainGroup = CC57ABE02A710A4200E892FF;
			productRefGroup = CC57ABE02A710A4200E892FF;
			projectDirPath = "";
			projectRoot = "";
			targets = (
				CC57ABE82A710A4200E892FF /* Silver Explorer */,
			);
		};
/* End PBXProject section */

/* Begin PBXResourcesBuildPhase section */
		CC57ABE72A710A4200E892FF /* Resources */ = {
			isa = PBXResourcesBuildPhase;
			buildActionMask = 2147483647;
			files = (
				CC57ABEF2A710A4200E892FF /* art.scnassets in Resources */,
				FF185B442A73AD7B003E766E /* ARKiosk.storyboard in Resources */,
				CC47C8C12A836FCF00B257AF /* ContentDescription.storyboard in Resources */,
				CC57AC042A710AE100E892FF /* Home.storyboard in Resources */,
				AD9F67E72A824F3D0056696E /* Reader.storyboard in Resources */,
				FF185B4A2A73B3FF003E766E /* ARKiosk.scn in Resources */,
				FFE42A5B2A73BB2100752CD7 /* Assets.xcassets in Resources */,
				FF185B4E2A73B4B0003E766E /* camera.png in Resources */,
				AD9F67E32A824F1B0056696E /* Scanner.storyboard in Resources */,
				FFE42A622A73BC3C00752CD7 /* KioskModal.storyboard in Resources */,
				FF185B4C2A73B4AC003E766E /* summerFestival.png in Resources */,
				CC57ABF92A710A4300E892FF /* LaunchScreen.storyboard in Resources */,
				CC57AC112A710D3700E892FF /* UIExplore.storyboard in Resources */,
				FF185B502A73B56B003E766E /* KioskMainBoard.storyboard in Resources */,
			);
			runOnlyForDeploymentPostprocessing = 0;
		};
/* End PBXResourcesBuildPhase section */

/* Begin PBXSourcesBuildPhase section */
		CC57ABE52A710A4200E892FF /* Sources */ = {
			isa = PBXSourcesBuildPhase;
			buildActionMask = 2147483647;
			files = (
				CC4352512A72841E000EDAB0 /* StackNavigation.swift in Sources */,
				CC57ABF12A710A4200E892FF /* ViewController.swift in Sources */,
				CC4352472A72506C000EDAB0 /* ARCharacterSelectViewController.swift in Sources */,
				CC57AC182A710DD100E892FF /* Arr.swift in Sources */,
				CC57AC132A710D9C00E892FF /* UIExploreResource.swift in Sources */,
				CC47C8C52A83768200B257AF /* HomeDelegate.swift in Sources */,
				FF185B522A73B589003E766E /* KioskMainBoardViewController.swift in Sources */,
				CC43524C2A725A06000EDAB0 /* ARCharacterSelectDelegate.swift in Sources */,
				FFE42A662A73BC5400752CD7 /* PaymentSelectViewController.swift in Sources */,
				FFE1D1662A7B733A00E4E049 /* MenuSelectionViewController.swift in Sources */,
				CC57ABED2A710A4200E892FF /* AppDelegate.swift in Sources */,
				CC57AC0F2A710D2A00E892FF /* UIExploreViewController.swift in Sources */,
				AD9F67F32A824F540056696E /* NewsPaperTextRecognizer.swift in Sources */,
				CCB7B4372A7782FA00EE46AA /* PaymentFinishViewController.swift in Sources */,
				CC291D6E2A77FEAF00C363DF /* PaymentSelectResource.swift in Sources */,
				CC23C3A92A76AB8D0024C12B /* Enum.swift in Sources */,
				CCFE1C9B2A7B993F0096CDE8 /* SelectedPaymentTypeDelegate.swift in Sources */,
				FFE42A602A73BC2E00752CD7 /* ProductOptionSelectViewController.swift in Sources */,
				CCFE1C9D2A7BC2E20096CDE8 /* KioskMainBoardDelegate.swift in Sources */,
				AD9F67F22A824F540056696E /* TTSManager.swift in Sources */,
				CCB04B302A7A31060035483C /* Extension.swift in Sources */,
				CC57AC162A710DC900E892FF /* ARCharacter.swift in Sources */,
				AD9F67F52A824F5C0056696E /* DocumentDataDelegate.swift in Sources */,
				FFE42A5E2A73BBEC00752CD7 /* MenuResource.swift in Sources */,
				CC23C3AD2A76CB210024C12B /* PhoneMemberShipViewController.swift in Sources */,
				AD9F67F02A824F540056696E /* ImageDetector.swift in Sources */,
				AD9F67F12A824F540056696E /* TextRecognitionModel.swift in Sources */,
				CC291D702A77FFA800C363DF /* PaymentResource.swift in Sources */,
				CC47C8C32A836FE700B257AF /* ContentDescriptionViewController.swift in Sources */,
				CC291D6C2A77FD1700C363DF /* ProductOptionResource.swift in Sources */,
				CC47C8BF2A836FAF00B257AF /* ContentDescriptionResource.swift in Sources */,
				AD9F67EA2A824F470056696E /* ReaderViewController.swift in Sources */,
				FF185B462A73ADA7003E766E /* ARKioskViewController.swift in Sources */,
				CCB7B4352A777EA900EE46AA /* PaymentViewController.swift in Sources */,
				AD9F67E52A824F200056696E /* ScannerViewController.swift in Sources */,
				FF464C7A2A7C2B1F00B02D74 /* MenuSelectionTableViewCell.swift in Sources */,
				AD9F67EB2A824F470056696E /* NavigationBarButtons.swift in Sources */,
				FF502C2F2A8007D600F1CBB2 /* MenuSelectionTableViewCellDelegate.swift in Sources */,
				CC57AC1A2A710DDA00E892FF /* Finn.swift in Sources */,
				CC23C3AB2A76CAC10024C12B /* MembershipViewController.swift in Sources */,
				CC23C3AF2A76CB380024C12B /* BarcodMembershipViewController.swift in Sources */,
				CC43524F2A727296000EDAB0 /* CustomizeView.swift in Sources */,
				CC57AC062A710AFA00E892FF /* HomeViewController.swift in Sources */,
				FFE1D1642A7B6D8300E4E049 /* MenuCollectionViewCell.swift in Sources */,
			);
			runOnlyForDeploymentPostprocessing = 0;
		};
/* End PBXSourcesBuildPhase section */

/* Begin PBXVariantGroup section */
		CC57ABF72A710A4300E892FF /* LaunchScreen.storyboard */ = {
			isa = PBXVariantGroup;
			children = (
				CC57ABF82A710A4300E892FF /* Base */,
			);
			name = LaunchScreen.storyboard;
			sourceTree = "<group>";
		};
/* End PBXVariantGroup section */

/* Begin XCBuildConfiguration section */
		CC57ABFA2A710A4300E892FF /* Debug */ = {
			isa = XCBuildConfiguration;
			buildSettings = {
				ALWAYS_SEARCH_USER_PATHS = NO;
				CLANG_ANALYZER_NONNULL = YES;
				CLANG_ANALYZER_NUMBER_OBJECT_CONVERSION = YES_AGGRESSIVE;
				CLANG_CXX_LANGUAGE_STANDARD = "gnu++20";
				CLANG_ENABLE_MODULES = YES;
				CLANG_ENABLE_OBJC_ARC = YES;
				CLANG_ENABLE_OBJC_WEAK = YES;
				CLANG_WARN_BLOCK_CAPTURE_AUTORELEASING = YES;
				CLANG_WARN_BOOL_CONVERSION = YES;
				CLANG_WARN_COMMA = YES;
				CLANG_WARN_CONSTANT_CONVERSION = YES;
				CLANG_WARN_DEPRECATED_OBJC_IMPLEMENTATIONS = YES;
				CLANG_WARN_DIRECT_OBJC_ISA_USAGE = YES_ERROR;
				CLANG_WARN_DOCUMENTATION_COMMENTS = YES;
				CLANG_WARN_EMPTY_BODY = YES;
				CLANG_WARN_ENUM_CONVERSION = YES;
				CLANG_WARN_INFINITE_RECURSION = YES;
				CLANG_WARN_INT_CONVERSION = YES;
				CLANG_WARN_NON_LITERAL_NULL_CONVERSION = YES;
				CLANG_WARN_OBJC_IMPLICIT_RETAIN_SELF = YES;
				CLANG_WARN_OBJC_LITERAL_CONVERSION = YES;
				CLANG_WARN_OBJC_ROOT_CLASS = YES_ERROR;
				CLANG_WARN_QUOTED_INCLUDE_IN_FRAMEWORK_HEADER = YES;
				CLANG_WARN_RANGE_LOOP_ANALYSIS = YES;
				CLANG_WARN_STRICT_PROTOTYPES = YES;
				CLANG_WARN_SUSPICIOUS_MOVE = YES;
				CLANG_WARN_UNGUARDED_AVAILABILITY = YES_AGGRESSIVE;
				CLANG_WARN_UNREACHABLE_CODE = YES;
				CLANG_WARN__DUPLICATE_METHOD_MATCH = YES;
				COPY_PHASE_STRIP = NO;
				DEBUG_INFORMATION_FORMAT = dwarf;
				ENABLE_STRICT_OBJC_MSGSEND = YES;
				ENABLE_TESTABILITY = YES;
				GCC_C_LANGUAGE_STANDARD = gnu11;
				GCC_DYNAMIC_NO_PIC = NO;
				GCC_NO_COMMON_BLOCKS = YES;
				GCC_OPTIMIZATION_LEVEL = 0;
				GCC_PREPROCESSOR_DEFINITIONS = (
					"DEBUG=1",
					"$(inherited)",
				);
				GCC_WARN_64_TO_32_BIT_CONVERSION = YES;
				GCC_WARN_ABOUT_RETURN_TYPE = YES_ERROR;
				GCC_WARN_UNDECLARED_SELECTOR = YES;
				GCC_WARN_UNINITIALIZED_AUTOS = YES_AGGRESSIVE;
				GCC_WARN_UNUSED_FUNCTION = YES;
				GCC_WARN_UNUSED_VARIABLE = YES;
				IPHONEOS_DEPLOYMENT_TARGET = 16.4;
				MTL_ENABLE_DEBUG_INFO = INCLUDE_SOURCE;
				MTL_FAST_MATH = YES;
				ONLY_ACTIVE_ARCH = YES;
				SDKROOT = iphoneos;
				SWIFT_ACTIVE_COMPILATION_CONDITIONS = DEBUG;
				SWIFT_OPTIMIZATION_LEVEL = "-Onone";
			};
			name = Debug;
		};
		CC57ABFB2A710A4300E892FF /* Release */ = {
			isa = XCBuildConfiguration;
			buildSettings = {
				ALWAYS_SEARCH_USER_PATHS = NO;
				CLANG_ANALYZER_NONNULL = YES;
				CLANG_ANALYZER_NUMBER_OBJECT_CONVERSION = YES_AGGRESSIVE;
				CLANG_CXX_LANGUAGE_STANDARD = "gnu++20";
				CLANG_ENABLE_MODULES = YES;
				CLANG_ENABLE_OBJC_ARC = YES;
				CLANG_ENABLE_OBJC_WEAK = YES;
				CLANG_WARN_BLOCK_CAPTURE_AUTORELEASING = YES;
				CLANG_WARN_BOOL_CONVERSION = YES;
				CLANG_WARN_COMMA = YES;
				CLANG_WARN_CONSTANT_CONVERSION = YES;
				CLANG_WARN_DEPRECATED_OBJC_IMPLEMENTATIONS = YES;
				CLANG_WARN_DIRECT_OBJC_ISA_USAGE = YES_ERROR;
				CLANG_WARN_DOCUMENTATION_COMMENTS = YES;
				CLANG_WARN_EMPTY_BODY = YES;
				CLANG_WARN_ENUM_CONVERSION = YES;
				CLANG_WARN_INFINITE_RECURSION = YES;
				CLANG_WARN_INT_CONVERSION = YES;
				CLANG_WARN_NON_LITERAL_NULL_CONVERSION = YES;
				CLANG_WARN_OBJC_IMPLICIT_RETAIN_SELF = YES;
				CLANG_WARN_OBJC_LITERAL_CONVERSION = YES;
				CLANG_WARN_OBJC_ROOT_CLASS = YES_ERROR;
				CLANG_WARN_QUOTED_INCLUDE_IN_FRAMEWORK_HEADER = YES;
				CLANG_WARN_RANGE_LOOP_ANALYSIS = YES;
				CLANG_WARN_STRICT_PROTOTYPES = YES;
				CLANG_WARN_SUSPICIOUS_MOVE = YES;
				CLANG_WARN_UNGUARDED_AVAILABILITY = YES_AGGRESSIVE;
				CLANG_WARN_UNREACHABLE_CODE = YES;
				CLANG_WARN__DUPLICATE_METHOD_MATCH = YES;
				COPY_PHASE_STRIP = NO;
				DEBUG_INFORMATION_FORMAT = "dwarf-with-dsym";
				ENABLE_NS_ASSERTIONS = NO;
				ENABLE_STRICT_OBJC_MSGSEND = YES;
				GCC_C_LANGUAGE_STANDARD = gnu11;
				GCC_NO_COMMON_BLOCKS = YES;
				GCC_WARN_64_TO_32_BIT_CONVERSION = YES;
				GCC_WARN_ABOUT_RETURN_TYPE = YES_ERROR;
				GCC_WARN_UNDECLARED_SELECTOR = YES;
				GCC_WARN_UNINITIALIZED_AUTOS = YES_AGGRESSIVE;
				GCC_WARN_UNUSED_FUNCTION = YES;
				GCC_WARN_UNUSED_VARIABLE = YES;
				IPHONEOS_DEPLOYMENT_TARGET = 16.4;
				MTL_ENABLE_DEBUG_INFO = NO;
				MTL_FAST_MATH = YES;
				SDKROOT = iphoneos;
				SWIFT_COMPILATION_MODE = wholemodule;
				SWIFT_OPTIMIZATION_LEVEL = "-O";
				VALIDATE_PRODUCT = YES;
			};
			name = Release;
		};
		CC57ABFD2A710A4300E892FF /* Debug */ = {
			isa = XCBuildConfiguration;
			buildSettings = {
				ASSETCATALOG_COMPILER_APPICON_NAME = AppIcon;
				ASSETCATALOG_COMPILER_GLOBAL_ACCENT_COLOR_NAME = AccentColor;
				CODE_SIGN_STYLE = Automatic;
				CURRENT_PROJECT_VERSION = 1;
				DEVELOPMENT_TEAM = YWNQ4RZBTS;
				GENERATE_INFOPLIST_FILE = YES;
				INFOPLIST_KEY_CFBundleDisplayName = "은빛 탐험가";
				INFOPLIST_KEY_LSApplicationCategoryType = "public.app-category.education";
				INFOPLIST_KEY_NSCameraUsageDescription = "";
				INFOPLIST_KEY_UIApplicationSupportsIndirectInputEvents = YES;
				INFOPLIST_KEY_UILaunchStoryboardName = LaunchScreen;
				INFOPLIST_KEY_UIMainStoryboardFile = Home;
				INFOPLIST_KEY_UIRequiredDeviceCapabilities = arkit;
				INFOPLIST_KEY_UIStatusBarHidden = YES;
				INFOPLIST_KEY_UISupportedInterfaceOrientations = UIInterfaceOrientationPortrait;
				IPHONEOS_DEPLOYMENT_TARGET = 16.0;
				LD_RUNPATH_SEARCH_PATHS = (
					"$(inherited)",
					"@executable_path/Frameworks",
				);
				MARKETING_VERSION = 1.0;
				PRODUCT_BUNDLE_IDENTIFIER = "com.silver-explorer.www.Silver-Explorer";
				PRODUCT_NAME = "$(TARGET_NAME)";
				SUPPORTED_PLATFORMS = "iphoneos iphonesimulator";
				SUPPORTS_MACCATALYST = NO;
				SUPPORTS_MAC_DESIGNED_FOR_IPHONE_IPAD = NO;
				SWIFT_EMIT_LOC_STRINGS = YES;
				SWIFT_VERSION = 5.0;
				TARGETED_DEVICE_FAMILY = 1;
			};
			name = Debug;
		};
		CC57ABFE2A710A4300E892FF /* Release */ = {
			isa = XCBuildConfiguration;
			buildSettings = {
				ASSETCATALOG_COMPILER_APPICON_NAME = AppIcon;
				ASSETCATALOG_COMPILER_GLOBAL_ACCENT_COLOR_NAME = AccentColor;
				CODE_SIGN_STYLE = Automatic;
				CURRENT_PROJECT_VERSION = 1;
				DEVELOPMENT_TEAM = YWNQ4RZBTS;
				GENERATE_INFOPLIST_FILE = YES;
				INFOPLIST_KEY_CFBundleDisplayName = "은빛 탐험가";
				INFOPLIST_KEY_LSApplicationCategoryType = "public.app-category.education";
				INFOPLIST_KEY_NSCameraUsageDescription = "";
				INFOPLIST_KEY_UIApplicationSupportsIndirectInputEvents = YES;
				INFOPLIST_KEY_UILaunchStoryboardName = LaunchScreen;
				INFOPLIST_KEY_UIMainStoryboardFile = Home;
				INFOPLIST_KEY_UIRequiredDeviceCapabilities = arkit;
				INFOPLIST_KEY_UIStatusBarHidden = YES;
				INFOPLIST_KEY_UISupportedInterfaceOrientations = UIInterfaceOrientationPortrait;
				IPHONEOS_DEPLOYMENT_TARGET = 16.0;
				LD_RUNPATH_SEARCH_PATHS = (
					"$(inherited)",
					"@executable_path/Frameworks",
				);
				MARKETING_VERSION = 1.0;
				PRODUCT_BUNDLE_IDENTIFIER = "com.silver-explorer.www.Silver-Explorer";
				PRODUCT_NAME = "$(TARGET_NAME)";
				SUPPORTED_PLATFORMS = "iphoneos iphonesimulator";
				SUPPORTS_MACCATALYST = NO;
				SUPPORTS_MAC_DESIGNED_FOR_IPHONE_IPAD = NO;
				SWIFT_EMIT_LOC_STRINGS = YES;
				SWIFT_VERSION = 5.0;
				TARGETED_DEVICE_FAMILY = 1;
			};
			name = Release;
		};
/* End XCBuildConfiguration section */

/* Begin XCConfigurationList section */
		CC57ABE42A710A4200E892FF /* Build configuration list for PBXProject "Silver Explorer" */ = {
			isa = XCConfigurationList;
			buildConfigurations = (
				CC57ABFA2A710A4300E892FF /* Debug */,
				CC57ABFB2A710A4300E892FF /* Release */,
			);
			defaultConfigurationIsVisible = 0;
			defaultConfigurationName = Release;
		};
		CC57ABFC2A710A4300E892FF /* Build configuration list for PBXNativeTarget "Silver Explorer" */ = {
			isa = XCConfigurationList;
			buildConfigurations = (
				CC57ABFD2A710A4300E892FF /* Debug */,
				CC57ABFE2A710A4300E892FF /* Release */,
			);
			defaultConfigurationIsVisible = 0;
			defaultConfigurationName = Release;
		};
/* End XCConfigurationList section */
	};
	rootObject = CC57ABE12A710A4200E892FF /* Project object */;
}
